
Microsoft Visual Studio Solution File, Format Version 11.00
# Visual C# Express 2010
Project("{FAE04EC0-301F-11D3-BF4B-00C04F79EFBC}") = "MyPhotos", "MyPhotos\MyPhotos.csproj", "{7BE8C703-35C9-4B57-B1ED-FCF569F9E104}"
EndProject
Project("{FAE04EC0-301F-11D3-BF4B-00C04F79EFBC}") = "MyPhotoAlbum", "MyPhotoAlbum\MyPhotoAlbum.csproj", "{055F848C-B088-472F-B4F6-DC955AE3E85A}"
EndProject
Project("{FAE04EC0-301F-11D3-BF4B-00C04F79EFBC}") = "MyAlbumEditor", "MyAlbumEditor\MyAlbumEditor.csproj", "{EEDFBF66-199F-4C3D-8425-56AC56978E11}"
EndProject
Project("{FAE04EC0-301F-11D3-BF4B-00C04F79EFBC}") = "MyAlbumExplorer", "MyAlbumExplorer\MyAlbumExplorer.csproj", "{4FF9903F-EA3A-48D3-A28C-AE82553EC839}"
EndProject
Project("{FAE04EC0-301F-11D3-BF4B-00C04F79EFBC}") = "MyAlbumData", "MyAlbumData\MyAlbumData.csproj", "{D6E2B591-72FB-4B5F-8B85-706AF6DBCAE8}"
EndProject
Global
	GlobalSection(SolutionConfigurationPlatforms) = preSolution
		Debug|Any CPU = Debug|Any CPU
		Debug|Mixed Platforms = Debug|Mixed Platforms
		Debug|x86 = Debug|x86
		Release|Any CPU = Release|Any CPU
		Release|Mixed Platforms = Release|Mixed Platforms
		Release|x86 = Release|x86
	EndGlobalSection
	GlobalSection(ProjectConfigurationPlatforms) = postSolution
		{7BE8C703-35C9-4B57-B1ED-FCF569F9E104}.Debug|Any CPU.ActiveCfg = Debug|x86
		{7BE8C703-35C9-4B57-B1ED-FCF569F9E104}.Debug|Mixed Platforms.ActiveCfg = Debug|x86
		{7BE8C703-35C9-4B57-B1ED-FCF569F9E104}.Debug|Mixed Platforms.Build.0 = Debug|x86
		{7BE8C703-35C9-4B57-B1ED-FCF569F9E104}.Debug|x86.ActiveCfg = Debug|x86
		{7BE8C703-35C9-4B57-B1ED-FCF569F9E104}.Debug|x86.Build.0 = Debug|x86
		{7BE8C703-35C9-4B57-B1ED-FCF569F9E104}.Release|Any CPU.ActiveCfg = Release|x86
		{7BE8C703-35C9-4B57-B1ED-FCF569F9E104}.Release|Mixed Platforms.ActiveCfg = Release|x86
		{7BE8C703-35C9-4B57-B1ED-FCF569F9E104}.Release|Mixed Platforms.Build.0 = Release|x86
		{7BE8C703-35C9-4B57-B1ED-FCF569F9E104}.Release|x86.ActiveCfg = Release|x86
		{7BE8C703-35C9-4B57-B1ED-FCF569F9E104}.Release|x86.Build.0 = Release|x86
		{055F848C-B088-472F-B4F6-DC955AE3E85A}.Debug|Any CPU.ActiveCfg = Debug|Any CPU
		{055F848C-B088-472F-B4F6-DC955AE3E85A}.Debug|Any CPU.Build.0 = Debug|Any CPU
		{055F848C-B088-472F-B4F6-DC955AE3E85A}.Debug|Mixed Platforms.ActiveCfg = Debug|Any CPU
		{055F848C-B088-472F-B4F6-DC955AE3E85A}.Debug|Mixed Platforms.Build.0 = Debug|Any CPU
		{055F848C-B088-472F-B4F6-DC955AE3E85A}.Debug|x86.ActiveCfg = Debug|Any CPU
		{055F848C-B088-472F-B4F6-DC955AE3E85A}.Release|Any CPU.ActiveCfg = Release|Any CPU
		{055F848C-B088-472F-B4F6-DC955AE3E85A}.Release|Any CPU.Build.0 = Release|Any CPU
		{055F848C-B088-472F-B4F6-DC955AE3E85A}.Release|Mixed Platforms.ActiveCfg = Release|Any CPU
		{055F848C-B088-472F-B4F6-DC955AE3E85A}.Release|Mixed Platforms.Build.0 = Release|Any CPU
		{055F848C-B088-472F-B4F6-DC955AE3E85A}.Release|x86.ActiveCfg = Release|Any CPU
		{EEDFBF66-199F-4C3D-8425-56AC56978E11}.Debug|Any CPU.ActiveCfg = Debug|x86
		{EEDFBF66-199F-4C3D-8425-56AC56978E11}.Debug|Mixed Platforms.ActiveCfg = Debug|x86
		{EEDFBF66-199F-4C3D-8425-56AC56978E11}.Debug|Mixed Platforms.Build.0 = Debug|x86
		{EEDFBF66-199F-4C3D-8425-56AC56978E11}.Debug|x86.ActiveCfg = Debug|x86
		{EEDFBF66-199F-4C3D-8425-56AC56978E11}.Debug|x86.Build.0 = Debug|x86
		{EEDFBF66-199F-4C3D-8425-56AC56978E11}.Release|Any CPU.ActiveCfg = Release|x86
		{EEDFBF66-199F-4C3D-8425-56AC56978E11}.Release|Mixed Platforms.ActiveCfg = Release|x86
		{EEDFBF66-199F-4C3D-8425-56AC56978E11}.Release|Mixed Platforms.Build.0 = Release|x86
		{EEDFBF66-199F-4C3D-8425-56AC56978E11}.Release|x86.ActiveCfg = Release|x86
		{EEDFBF66-199F-4C3D-8425-56AC56978E11}.Release|x86.Build.0 = Release|x86
		{4FF9903F-EA3A-48D3-A28C-AE82553EC839}.Debug|Any CPU.ActiveCfg = Debug|x86
		{4FF9903F-EA3A-48D3-A28C-AE82553EC839}.Debug|Mixed Platforms.ActiveCfg = Debug|x86
		{4FF9903F-EA3A-48D3-A28C-AE82553EC839}.Debug|Mixed Platforms.Build.0 = Debug|x86
		{4FF9903F-EA3A-48D3-A28C-AE82553EC839}.Debug|x86.ActiveCfg = Debug|x86
		{4FF9903F-EA3A-48D3-A28C-AE82553EC839}.Debug|x86.Build.0 = Debug|x86
		{4FF9903F-EA3A-48D3-A28C-AE82553EC839}.Release|Any CPU.ActiveCfg = Release|x86
		{4FF9903F-EA3A-48D3-A28C-AE82553EC839}.Release|Mixed Platforms.ActiveCfg = Release|x86
		{4FF9903F-EA3A-48D3-A28C-AE82553EC839}.Release|Mixed Platforms.Build.0 = Release|x86
		{4FF9903F-EA3A-48D3-A28C-AE82553EC839}.Release|x86.ActiveCfg = Release|x86
		{4FF9903F-EA3A-48D3-A28C-AE82553EC839}.Release|x86.Build.0 = Release|x86
		{D6E2B591-72FB-4B5F-8B85-706AF6DBCAE8}.Debug|Any CPU.ActiveCfg = Debug|x86
		{D6E2B591-72FB-4B5F-8B85-706AF6DBCAE8}.Debug|Mixed Platforms.ActiveCfg = Debug|x86
		{D6E2B591-72FB-4B5F-8B85-706AF6DBCAE8}.Debug|Mixed Platforms.Build.0 = Debug|x86
		{D6E2B591-72FB-4B5F-8B85-706AF6DBCAE8}.Debug|x86.ActiveCfg = Debug|x86
		{D6E2B591-72FB-4B5F-8B85-706AF6DBCAE8}.Debug|x86.Build.0 = Debug|x86
		{D6E2B591-72FB-4B5F-8B85-706AF6DBCAE8}.Release|Any CPU.ActiveCfg = Release|x86
		{D6E2B591-72FB-4B5F-8B85-706AF6DBCAE8}.Release|Mixed Platforms.ActiveCfg = Release|x86
		{D6E2B591-72FB-4B5F-8B85-706AF6DBCAE8}.Release|Mixed Platforms.Build.0 = Release|x86
		{D6E2B591-72FB-4B5F-8B85-706AF6DBCAE8}.Release|x86.ActiveCfg = Release|x86
		{D6E2B591-72FB-4B5F-8B85-706AF6DBCAE8}.Release|x86.Build.0 = Release|x86
	EndGlobalSection
	GlobalSection(SolutionProperties) = preSolution
		HideSolutionNode = FALSE
	EndGlobalSection
EndGlobal
